
Microsoft Visual Studio Solution File, Format Version 12.00
# Visual Studio Version 16
VisualStudioVersion = 16.0.31105.61
MinimumVisualStudioVersion = 10.0.40219.1
Project("{8BC9CEB8-8B4A-11D0-8D11-00A0C91BC942}") = "CES", "CES\CES.vcxproj", "{41D29491-30B5-4AE2-88B5-1C2C3029D4AF}"
EndProject
Global
	GlobalSection(SolutionConfigurationPlatforms) = preSolution
		Debug|x64 = Debug|x64
		Debug|x86 = Debug|x86
		Release|x64 = Release|x64
		Release|x86 = Release|x86
	EndGlobalSection
	GlobalSection(ProjectConfigurationPlatforms) = postSolution
		{41D29491-30B5-4AE2-88B5-1C2C3029D4AF}.Debug|x64.ActiveCfg = Debug|x64
		{41D29491-30B5-4AE2-88B5-1C2C3029D4AF}.Debug|x64.Build.0 = Debug|x64
		{41D29491-30B5-4AE2-88B5-1C2C3029D4AF}.Debug|x86.ActiveCfg = Debug|Win32
		{41D29491-30B5-4AE2-88B5-1C2C3029D4AF}.Debug|x86.Build.0 = Debug|Win32
		{41D29491-30B5-4AE2-88B5-1C2C3029D4AF}.Release|x64.ActiveCfg = Release|x64
		{41D29491-30B5-4AE2-88B5-1C2C3029D4AF}.Release|x64.Build.0 = Release|x64
		{41D29491-30B5-4AE2-88B5-1C2C3029D4AF}.Release|x86.ActiveCfg = Release|Win32
		{41D29491-30B5-4AE2-88B5-1C2C3029D4AF}.Release|x86.Build.0 = Release|Win32
	EndGlobalSection
	GlobalSection(SolutionProperties) = preSolution
		HideSolutionNode = FALSE
	EndGlobalSection
	GlobalSection(ExtensibilityGlobals) = postSolution
		SolutionGuid = {97BD3681-6F7C-4CFA-B2E8-AA34BCF69DC0}
	EndGlobalSection
EndGlobal
